
Microsoft Visual Studio Solution File, Format Version 12.00
# Visual Studio Version 17
VisualStudioVersion = 17.14.36310.24 d17.14
MinimumVisualStudioVersion = 10.0.40219.1
Project("{FAE04EC0-301F-11D3-BF4B-00C04F79EFBC}") = "BTH3_Bai6", "BTH3_Bai6\BTH3_Bai6.csproj", "{45551558-72A3-4E73-979B-2021295492CE}"
EndProject
Global
	GlobalSection(SolutionConfigurationPlatforms) = preSolution
		Debug|Any CPU = Debug|Any CPU
		Release|Any CPU = Release|Any CPU
	EndGlobalSection
	GlobalSection(ProjectConfigurationPlatforms) = postSolution
		{45551558-72A3-4E73-979B-2021295492CE}.Debug|Any CPU.ActiveCfg = Debug|Any CPU
		{45551558-72A3-4E73-979B-2021295492CE}.Debug|Any CPU.Build.0 = Debug|Any CPU
		{45551558-72A3-4E73-979B-2021295492CE}.Release|Any CPU.ActiveCfg = Release|Any CPU
		{45551558-72A3-4E73-979B-2021295492CE}.Release|Any CPU.Build.0 = Release|Any CPU
	EndGlobalSection
	GlobalSection(SolutionProperties) = preSolution
		HideSolutionNode = FALSE
	EndGlobalSection
	GlobalSection(ExtensibilityGlobals) = postSolution
		SolutionGuid = {835FE478-5692-45AF-88FE-C474370C7FDE}
	EndGlobalSection
EndGlobal
