
Microsoft Visual Studio Solution File, Format Version 12.00
# Visual Studio Version 17
VisualStudioVersion = 17.14.36310.24 d17.14
MinimumVisualStudioVersion = 10.0.40219.1
Project("{FAE04EC0-301F-11D3-BF4B-00C04F79EFBC}") = "BTH3_BT9", "BTH3_BT9\BTH3_BT9.csproj", "{1D8F1046-DB44-4B71-AD8F-A4461C9C22F8}"
EndProject
Global
	GlobalSection(SolutionConfigurationPlatforms) = preSolution
		Debug|Any CPU = Debug|Any CPU
		Release|Any CPU = Release|Any CPU
	EndGlobalSection
	GlobalSection(ProjectConfigurationPlatforms) = postSolution
		{1D8F1046-DB44-4B71-AD8F-A4461C9C22F8}.Debug|Any CPU.ActiveCfg = Debug|Any CPU
		{1D8F1046-DB44-4B71-AD8F-A4461C9C22F8}.Debug|Any CPU.Build.0 = Debug|Any CPU
		{1D8F1046-DB44-4B71-AD8F-A4461C9C22F8}.Release|Any CPU.ActiveCfg = Release|Any CPU
		{1D8F1046-DB44-4B71-AD8F-A4461C9C22F8}.Release|Any CPU.Build.0 = Release|Any CPU
	EndGlobalSection
	GlobalSection(SolutionProperties) = preSolution
		HideSolutionNode = FALSE
	EndGlobalSection
	GlobalSection(ExtensibilityGlobals) = postSolution
		SolutionGuid = {5F2B00E6-25E5-4625-B188-55D63F597786}
	EndGlobalSection
EndGlobal
